
Microsoft Visual Studio Solution File, Format Version 12.00
# Visual Studio 2012
Project("{FAE04EC0-301F-11D3-BF4B-00C04F79EFBC}") = "StrengthCycle", "StrengthCycle\StrengthCycle.csproj", "{0328A937-24E1-499F-B5CE-5710BE7D701D}"
EndProject
Global
	GlobalSection(SolutionConfigurationPlatforms) = preSolution
		Debug|iPhoneSimulator = Debug|iPhoneSimulator
		Release|iPhone = Release|iPhone
		Release|iPhoneSimulator = Release|iPhoneSimulator
		Debug|iPhone = Debug|iPhone
	EndGlobalSection
	GlobalSection(ProjectConfigurationPlatforms) = postSolution
		{0328A937-24E1-499F-B5CE-5710BE7D701D}.Debug|iPhoneSimulator.ActiveCfg = Debug|iPhoneSimulator
		{0328A937-24E1-499F-B5CE-5710BE7D701D}.Debug|iPhoneSimulator.Build.0 = Debug|iPhoneSimulator
		{0328A937-24E1-499F-B5CE-5710BE7D701D}.Release|iPhone.ActiveCfg = Release|iPhone
		{0328A937-24E1-499F-B5CE-5710BE7D701D}.Release|iPhone.Build.0 = Release|iPhone
		{0328A937-24E1-499F-B5CE-5710BE7D701D}.Release|iPhoneSimulator.ActiveCfg = Release|iPhoneSimulator
		{0328A937-24E1-499F-B5CE-5710BE7D701D}.Release|iPhoneSimulator.Build.0 = Release|iPhoneSimulator
		{0328A937-24E1-499F-B5CE-5710BE7D701D}.Debug|iPhone.ActiveCfg = Debug|iPhone
		{0328A937-24E1-499F-B5CE-5710BE7D701D}.Debug|iPhone.Build.0 = Debug|iPhone
	EndGlobalSection
EndGlobal
